// !$*UTF8*$!
{
	archiveVersion = 1;
	classes = {
	};
	objectVersion = 48;
	objects = {

/* Begin PBXBuildFile section */
		79005BFC1FC8781B00A66B88 /* SearchResultsViewController+Segues.swift in Sources */ = {isa = PBXBuildFile; fileRef = 79005BFB1FC8781B00A66B88 /* SearchResultsViewController+Segues.swift */; };
		79005BFE1FC87ABE00A66B88 /* SearchHistoryViewController+UISearchControllerDelegate.swift in Sources */ = {isa = PBXBuildFile; fileRef = 79005BFD1FC87ABE00A66B88 /* SearchHistoryViewController+UISearchControllerDelegate.swift */; };
		79005C001FC87AF100A66B88 /* SearchHistoryViewController+UISearchBarDelegate.swift in Sources */ = {isa = PBXBuildFile; fileRef = 79005BFF1FC87AF100A66B88 /* SearchHistoryViewController+UISearchBarDelegate.swift */; };
		79005C021FC87B1500A66B88 /* SearchHistoryViewController+SearchResultsViewControllerDelegate.swift in Sources */ = {isa = PBXBuildFile; fileRef = 79005C011FC87B1500A66B88 /* SearchHistoryViewController+SearchResultsViewControllerDelegate.swift */; };
		7903981D1FC822CA00B24CD9 /* DetailViewController.storyboard in Resources */ = {isa = PBXBuildFile; fileRef = 7903981F1FC822CA00B24CD9 /* DetailViewController.storyboard */; };
		790398211FC8235200B24CD9 /* SearchHistoryViewController.swift in Sources */ = {isa = PBXBuildFile; fileRef = 790398201FC8235200B24CD9 /* SearchHistoryViewController.swift */; };
		790398231FC823DD00B24CD9 /* SearchHistoryViewController.storyboard in Resources */ = {isa = PBXBuildFile; fileRef = 7903981C1FC8221800B24CD9 /* SearchHistoryViewController.storyboard */; };
		79317F5C1FC1BDB3005A5900 /* AppDelegate.swift in Sources */ = {isa = PBXBuildFile; fileRef = 79317F5B1FC1BDB3005A5900 /* AppDelegate.swift */; };
		79317F5E1FC1BDB3005A5900 /* SearchResultsViewController.swift in Sources */ = {isa = PBXBuildFile; fileRef = 79317F5D1FC1BDB3005A5900 /* SearchResultsViewController.swift */; };
		79317F611FC1BDB3005A5900 /* Main.storyboard in Resources */ = {isa = PBXBuildFile; fileRef = 79317F5F1FC1BDB3005A5900 /* Main.storyboard */; };
		79317F631FC1BDB3005A5900 /* Assets.xcassets in Resources */ = {isa = PBXBuildFile; fileRef = 79317F621FC1BDB3005A5900 /* Assets.xcassets */; };
		79317F661FC1BDB3005A5900 /* LaunchScreen.storyboard in Resources */ = {isa = PBXBuildFile; fileRef = 79317F641FC1BDB3005A5900 /* LaunchScreen.storyboard */; };
		79317F711FC1BDB4005A5900 /* MovieDBTests.swift in Sources */ = {isa = PBXBuildFile; fileRef = 79317F701FC1BDB4005A5900 /* MovieDBTests.swift */; };
		79317FA01FC1BE67005A5900 /* MovieDBCore.framework in Frameworks */ = {isa = PBXBuildFile; fileRef = 79317FA11FC1BE67005A5900 /* MovieDBCore.framework */; };
		79317FA41FC1BE7B005A5900 /* MovieDBKit.framework in Frameworks */ = {isa = PBXBuildFile; fileRef = 79317FA31FC1BE71005A5900 /* MovieDBKit.framework */; };
		79317FA51FC1BE7B005A5900 /* MovieDBKit.framework in Embed Frameworks */ = {isa = PBXBuildFile; fileRef = 79317FA31FC1BE71005A5900 /* MovieDBKit.framework */; settings = {ATTRIBUTES = (CodeSignOnCopy, RemoveHeadersOnCopy, ); }; };
		79317FA71FC1BE7B005A5900 /* MovieDBCore.framework in Embed Frameworks */ = {isa = PBXBuildFile; fileRef = 79317FA11FC1BE67005A5900 /* MovieDBCore.framework */; settings = {ATTRIBUTES = (CodeSignOnCopy, RemoveHeadersOnCopy, ); }; };
		79317FB21FC1BF5A005A5900 /* MovieDB.xcconfig in Resources */ = {isa = PBXBuildFile; fileRef = 79317FAF1FC1BF5A005A5900 /* MovieDB.xcconfig */; };
		79317FB31FC1BF5A005A5900 /* Debug.xcconfig in Resources */ = {isa = PBXBuildFile; fileRef = 79317FB01FC1BF5A005A5900 /* Debug.xcconfig */; };
		79317FB41FC1BF5A005A5900 /* Release.xcconfig in Resources */ = {isa = PBXBuildFile; fileRef = 79317FB11FC1BF5A005A5900 /* Release.xcconfig */; };
		793FDEC31FC1F34B00EE461D /* SearchResultCell.swift in Sources */ = {isa = PBXBuildFile; fileRef = 793FDEC21FC1F34B00EE461D /* SearchResultCell.swift */; };
		793FDEC71FC1F3C200EE461D /* Movie+DataSourceItemProtocol.swift in Sources */ = {isa = PBXBuildFile; fileRef = 793FDEC61FC1F3C200EE461D /* Movie+DataSourceItemProtocol.swift */; };
		795259A61FC8247200FB2594 /* SearchResultsPageController.storyboard in Resources */ = {isa = PBXBuildFile; fileRef = 795259A81FC8247200FB2594 /* SearchResultsPageController.storyboard */; };
		797B98361FC8AF2D0014D1FE /* MovieDBUITests.swift in Sources */ = {isa = PBXBuildFile; fileRef = 797B98351FC8AF2D0014D1FE /* MovieDBUITests.swift */; };
		797B983E1FC8AF770014D1FE /* SmokeTest.swift in Sources */ = {isa = PBXBuildFile; fileRef = 797B983D1FC8AF770014D1FE /* SmokeTest.swift */; };
		798D15241FC621DC007E01AB /* SearchResultsPageController.swift in Sources */ = {isa = PBXBuildFile; fileRef = 798D15231FC621DC007E01AB /* SearchResultsPageController.swift */; };
		798D15261FC624E6007E01AB /* DetailViewController.swift in Sources */ = {isa = PBXBuildFile; fileRef = 798D15251FC624E6007E01AB /* DetailViewController.swift */; };
		79BA24101FC6042A00F8511B /* Colors.xcassets in Resources */ = {isa = PBXBuildFile; fileRef = 79BA240F1FC6042A00F8511B /* Colors.xcassets */; };
		79D5C31C1FC387B400F2F07D /* SearchResultsViewController.storyboard in Resources */ = {isa = PBXBuildFile; fileRef = 79D5C31A1FC387B400F2F07D /* SearchResultsViewController.storyboard */; };
		79D85FE11FC73970006EB8C3 /* SearchResultsViewController+UIPageViewControllerDataSource.swift in Sources */ = {isa = PBXBuildFile; fileRef = 79D85FE01FC73970006EB8C3 /* SearchResultsViewController+UIPageViewControllerDataSource.swift */; };
		79EC53C51FC460C800C6255D /* SearchResultsDataSourceProvider.swift in Sources */ = {isa = PBXBuildFile; fileRef = 79EC53C41FC460C800C6255D /* SearchResultsDataSourceProvider.swift */; };
		79FF09791FC5CCEE00C4D2F6 /* SearchHistoryCell.swift in Sources */ = {isa = PBXBuildFile; fileRef = 79FF09781FC5CCEE00C4D2F6 /* SearchHistoryCell.swift */; };
		79FF097D1FC5CD7700C4D2F6 /* MovieSearchHistoryItem.swift in Sources */ = {isa = PBXBuildFile; fileRef = 79FF097C1FC5CD7700C4D2F6 /* MovieSearchHistoryItem.swift */; };
		79FF097F1FC5CDB600C4D2F6 /* SearchHistoryProvider.swift in Sources */ = {isa = PBXBuildFile; fileRef = 79FF097E1FC5CDB600C4D2F6 /* SearchHistoryProvider.swift */; };
/* End PBXBuildFile section */

/* Begin PBXContainerItemProxy section */
		79317F6D1FC1BDB3005A5900 /* PBXContainerItemProxy */ = {
			isa = PBXContainerItemProxy;
			containerPortal = 79317F501FC1BDB3005A5900 /* Project object */;
			proxyType = 1;
			remoteGlobalIDString = 79317F571FC1BDB3005A5900;
			remoteInfo = MovieDB;
		};
		797B98381FC8AF2D0014D1FE /* PBXContainerItemProxy */ = {
			isa = PBXContainerItemProxy;
			containerPortal = 79317F501FC1BDB3005A5900 /* Project object */;
			proxyType = 1;
			remoteGlobalIDString = 79317F571FC1BDB3005A5900;
			remoteInfo = MovieDB;
		};
/* End PBXContainerItemProxy section */

/* Begin PBXCopyFilesBuildPhase section */
		79317FA81FC1BE7B005A5900 /* Embed Frameworks */ = {
			isa = PBXCopyFilesBuildPhase;
			buildActionMask = 2147483647;
			dstPath = "";
			dstSubfolderSpec = 10;
			files = (
				79317FA71FC1BE7B005A5900 /* MovieDBCore.framework in Embed Frameworks */,
				79317FA51FC1BE7B005A5900 /* MovieDBKit.framework in Embed Frameworks */,
			);
			name = "Embed Frameworks";
			runOnlyForDeploymentPostprocessing = 0;
		};
/* End PBXCopyFilesBuildPhase section */

/* Begin PBXFileReference section */
		79005BFB1FC8781B00A66B88 /* SearchResultsViewController+Segues.swift */ = {isa = PBXFileReference; lastKnownFileType = sourcecode.swift; path = "SearchResultsViewController+Segues.swift"; sourceTree = "<group>"; };
		79005BFD1FC87ABE00A66B88 /* SearchHistoryViewController+UISearchControllerDelegate.swift */ = {isa = PBXFileReference; lastKnownFileType = sourcecode.swift; path = "SearchHistoryViewController+UISearchControllerDelegate.swift"; sourceTree = "<group>"; };
		79005BFF1FC87AF100A66B88 /* SearchHistoryViewController+UISearchBarDelegate.swift */ = {isa = PBXFileReference; lastKnownFileType = sourcecode.swift; path = "SearchHistoryViewController+UISearchBarDelegate.swift"; sourceTree = "<group>"; };
		79005C011FC87B1500A66B88 /* SearchHistoryViewController+SearchResultsViewControllerDelegate.swift */ = {isa = PBXFileReference; lastKnownFileType = sourcecode.swift; path = "SearchHistoryViewController+SearchResultsViewControllerDelegate.swift"; sourceTree = "<group>"; };
		7903981B1FC8221800B24CD9 /* Base */ = {isa = PBXFileReference; lastKnownFileType = file.storyboard; name = Base; path = Base.lproj/SearchHistoryViewController.storyboard; sourceTree = "<group>"; };
		7903981E1FC822CA00B24CD9 /* Base */ = {isa = PBXFileReference; lastKnownFileType = file.storyboard; name = Base; path = Base.lproj/DetailViewController.storyboard; sourceTree = "<group>"; };
		790398201FC8235200B24CD9 /* SearchHistoryViewController.swift */ = {isa = PBXFileReference; fileEncoding = 4; lastKnownFileType = sourcecode.swift; path = SearchHistoryViewController.swift; sourceTree = "<group>"; };
		79317F581FC1BDB3005A5900 /* MovieDB.app */ = {isa = PBXFileReference; explicitFileType = wrapper.application; includeInIndex = 0; path = MovieDB.app; sourceTree = BUILT_PRODUCTS_DIR; };
		79317F5B1FC1BDB3005A5900 /* AppDelegate.swift */ = {isa = PBXFileReference; lastKnownFileType = sourcecode.swift; path = AppDelegate.swift; sourceTree = "<group>"; };
		79317F5D1FC1BDB3005A5900 /* SearchResultsViewController.swift */ = {isa = PBXFileReference; lastKnownFileType = sourcecode.swift; path = SearchResultsViewController.swift; sourceTree = "<group>"; };
		79317F601FC1BDB3005A5900 /* Base */ = {isa = PBXFileReference; lastKnownFileType = file.storyboard; name = Base; path = Base.lproj/Main.storyboard; sourceTree = "<group>"; };
		79317F621FC1BDB3005A5900 /* Assets.xcassets */ = {isa = PBXFileReference; lastKnownFileType = folder.assetcatalog; path = Assets.xcassets; sourceTree = "<group>"; };
		79317F651FC1BDB3005A5900 /* Base */ = {isa = PBXFileReference; lastKnownFileType = file.storyboard; name = Base; path = Base.lproj/LaunchScreen.storyboard; sourceTree = "<group>"; };
		79317F671FC1BDB3005A5900 /* Info.plist */ = {isa = PBXFileReference; lastKnownFileType = text.plist.xml; path = Info.plist; sourceTree = "<group>"; };
		79317F6C1FC1BDB3005A5900 /* MovieDBTests.xctest */ = {isa = PBXFileReference; explicitFileType = wrapper.cfbundle; includeInIndex = 0; path = MovieDBTests.xctest; sourceTree = BUILT_PRODUCTS_DIR; };
		79317F701FC1BDB4005A5900 /* MovieDBTests.swift */ = {isa = PBXFileReference; lastKnownFileType = sourcecode.swift; path = MovieDBTests.swift; sourceTree = "<group>"; };
		79317F721FC1BDB4005A5900 /* Info.plist */ = {isa = PBXFileReference; lastKnownFileType = text.plist.xml; path = Info.plist; sourceTree = "<group>"; };
		79317FA11FC1BE67005A5900 /* MovieDBCore.framework */ = {isa = PBXFileReference; explicitFileType = wrapper.framework; path = MovieDBCore.framework; sourceTree = BUILT_PRODUCTS_DIR; };
		79317FA31FC1BE71005A5900 /* MovieDBKit.framework */ = {isa = PBXFileReference; explicitFileType = wrapper.framework; path = MovieDBKit.framework; sourceTree = BUILT_PRODUCTS_DIR; };
		79317FAF1FC1BF5A005A5900 /* MovieDB.xcconfig */ = {isa = PBXFileReference; fileEncoding = 4; lastKnownFileType = text.xcconfig; path = MovieDB.xcconfig; sourceTree = "<group>"; };
		79317FB01FC1BF5A005A5900 /* Debug.xcconfig */ = {isa = PBXFileReference; fileEncoding = 4; lastKnownFileType = text.xcconfig; path = Debug.xcconfig; sourceTree = "<group>"; };
		79317FB11FC1BF5A005A5900 /* Release.xcconfig */ = {isa = PBXFileReference; fileEncoding = 4; lastKnownFileType = text.xcconfig; path = Release.xcconfig; sourceTree = "<group>"; };
		793FDEC21FC1F34B00EE461D /* SearchResultCell.swift */ = {isa = PBXFileReference; lastKnownFileType = sourcecode.swift; path = SearchResultCell.swift; sourceTree = "<group>"; };
		793FDEC61FC1F3C200EE461D /* Movie+DataSourceItemProtocol.swift */ = {isa = PBXFileReference; lastKnownFileType = sourcecode.swift; path = "Movie+DataSourceItemProtocol.swift"; sourceTree = "<group>"; };
		795259A71FC8247200FB2594 /* Base */ = {isa = PBXFileReference; lastKnownFileType = file.storyboard; name = Base; path = Base.lproj/SearchResultsPageController.storyboard; sourceTree = "<group>"; };
		797B98331FC8AF2D0014D1FE /* MovieDBUITests.xctest */ = {isa = PBXFileReference; explicitFileType = wrapper.cfbundle; includeInIndex = 0; path = MovieDBUITests.xctest; sourceTree = BUILT_PRODUCTS_DIR; };
		797B98351FC8AF2D0014D1FE /* MovieDBUITests.swift */ = {isa = PBXFileReference; lastKnownFileType = sourcecode.swift; path = MovieDBUITests.swift; sourceTree = "<group>"; };
		797B98371FC8AF2D0014D1FE /* Info.plist */ = {isa = PBXFileReference; lastKnownFileType = text.plist.xml; path = Info.plist; sourceTree = "<group>"; };
		797B983D1FC8AF770014D1FE /* SmokeTest.swift */ = {isa = PBXFileReference; lastKnownFileType = sourcecode.swift; path = SmokeTest.swift; sourceTree = "<group>"; };
		798D15231FC621DC007E01AB /* SearchResultsPageController.swift */ = {isa = PBXFileReference; lastKnownFileType = sourcecode.swift; path = SearchResultsPageController.swift; sourceTree = "<group>"; };
		798D15251FC624E6007E01AB /* DetailViewController.swift */ = {isa = PBXFileReference; lastKnownFileType = sourcecode.swift; path = DetailViewController.swift; sourceTree = "<group>"; };
		79BA240F1FC6042A00F8511B /* Colors.xcassets */ = {isa = PBXFileReference; lastKnownFileType = folder.assetcatalog; path = Colors.xcassets; sourceTree = "<group>"; };
		79D5C31B1FC387B400F2F07D /* Base */ = {isa = PBXFileReference; lastKnownFileType = file.storyboard; name = Base; path = Base.lproj/SearchResultsViewController.storyboard; sourceTree = "<group>"; };
		79D85FE01FC73970006EB8C3 /* SearchResultsViewController+UIPageViewControllerDataSource.swift */ = {isa = PBXFileReference; lastKnownFileType = sourcecode.swift; path = "SearchResultsViewController+UIPageViewControllerDataSource.swift"; sourceTree = "<group>"; };
		79EC53C41FC460C800C6255D /* SearchResultsDataSourceProvider.swift */ = {isa = PBXFileReference; lastKnownFileType = sourcecode.swift; path = SearchResultsDataSourceProvider.swift; sourceTree = "<group>"; };
		79FF09781FC5CCEE00C4D2F6 /* SearchHistoryCell.swift */ = {isa = PBXFileReference; lastKnownFileType = sourcecode.swift; path = SearchHistoryCell.swift; sourceTree = "<group>"; };
		79FF097C1FC5CD7700C4D2F6 /* MovieSearchHistoryItem.swift */ = {isa = PBXFileReference; lastKnownFileType = sourcecode.swift; path = MovieSearchHistoryItem.swift; sourceTree = "<group>"; };
		79FF097E1FC5CDB600C4D2F6 /* SearchHistoryProvider.swift */ = {isa = PBXFileReference; lastKnownFileType = sourcecode.swift; path = SearchHistoryProvider.swift; sourceTree = "<group>"; };
/* End PBXFileReference section */

/* Begin PBXFrameworksBuildPhase section */
		79317F551FC1BDB3005A5900 /* Frameworks */ = {
			isa = PBXFrameworksBuildPhase;
			buildActionMask = 2147483647;
			files = (
				79317FA41FC1BE7B005A5900 /* MovieDBKit.framework in Frameworks */,
				79317FA01FC1BE67005A5900 /* MovieDBCore.framework in Frameworks */,
			);
			runOnlyForDeploymentPostprocessing = 0;
		};
		79317F691FC1BDB3005A5900 /* Frameworks */ = {
			isa = PBXFrameworksBuildPhase;
			buildActionMask = 2147483647;
			files = (
			);
			runOnlyForDeploymentPostprocessing = 0;
		};
		797B98301FC8AF2D0014D1FE /* Frameworks */ = {
			isa = PBXFrameworksBuildPhase;
			buildActionMask = 2147483647;
			files = (
			);
			runOnlyForDeploymentPostprocessing = 0;
		};
/* End PBXFrameworksBuildPhase section */

/* Begin PBXGroup section */
		79317F4F1FC1BDB3005A5900 = {
			isa = PBXGroup;
			children = (
				79317FAC1FC1BF02005A5900 /* Configuration */,
				79BA240E1FC6037800F8511B /* Assets */,
				79317F5A1FC1BDB3005A5900 /* Source */,
				79317F6F1FC1BDB4005A5900 /* MovieDBTests */,
				797B98341FC8AF2D0014D1FE /* MovieDBUITests */,
				79317F9F1FC1BE67005A5900 /* Frameworks */,
				79317F591FC1BDB3005A5900 /* Products */,
			);
			sourceTree = "<group>";
		};
		79317F591FC1BDB3005A5900 /* Products */ = {
			isa = PBXGroup;
			children = (
				79317F581FC1BDB3005A5900 /* MovieDB.app */,
				79317F6C1FC1BDB3005A5900 /* MovieDBTests.xctest */,
				797B98331FC8AF2D0014D1FE /* MovieDBUITests.xctest */,
			);
			name = Products;
			sourceTree = "<group>";
		};
		79317F5A1FC1BDB3005A5900 /* Source */ = {
			isa = PBXGroup;
			children = (
				79317F5B1FC1BDB3005A5900 /* AppDelegate.swift */,
				79317F641FC1BDB3005A5900 /* LaunchScreen.storyboard */,
				79317F5F1FC1BDB3005A5900 /* Main.storyboard */,
				79D5C3191FC3879300F2F07D /* SearchHistoryViewController */,
				79D5C31D1FC387C100F2F07D /* SearchResultsViewController */,
				798D15201FC621A4007E01AB /* SearchResultsPageController */,
				798D15271FC6253E007E01AB /* DetailViewController */,
				79317F671FC1BDB3005A5900 /* Info.plist */,
			);
			path = Source;
			sourceTree = "<group>";
		};
		79317F6F1FC1BDB4005A5900 /* MovieDBTests */ = {
			isa = PBXGroup;
			children = (
				79317F701FC1BDB4005A5900 /* MovieDBTests.swift */,
				79317F721FC1BDB4005A5900 /* Info.plist */,
			);
			path = MovieDBTests;
			sourceTree = "<group>";
		};
		79317F9F1FC1BE67005A5900 /* Frameworks */ = {
			isa = PBXGroup;
			children = (
				79317FA31FC1BE71005A5900 /* MovieDBKit.framework */,
				79317FA11FC1BE67005A5900 /* MovieDBCore.framework */,
			);
			name = Frameworks;
			sourceTree = "<group>";
		};
		79317FAC1FC1BF02005A5900 /* Configuration */ = {
			isa = PBXGroup;
			children = (
				79317FAF1FC1BF5A005A5900 /* MovieDB.xcconfig */,
				79317FB01FC1BF5A005A5900 /* Debug.xcconfig */,
				79317FB11FC1BF5A005A5900 /* Release.xcconfig */,
			);
			path = Configuration;
			sourceTree = "<group>";
		};
		797B98341FC8AF2D0014D1FE /* MovieDBUITests */ = {
			isa = PBXGroup;
			children = (
				797B98351FC8AF2D0014D1FE /* MovieDBUITests.swift */,
				797B98371FC8AF2D0014D1FE /* Info.plist */,
				797B983D1FC8AF770014D1FE /* SmokeTest.swift */,
			);
			path = MovieDBUITests;
			sourceTree = "<group>";
		};
		798D15201FC621A4007E01AB /* SearchResultsPageController */ = {
			isa = PBXGroup;
			children = (
				795259A81FC8247200FB2594 /* SearchResultsPageController.storyboard */,
				798D15231FC621DC007E01AB /* SearchResultsPageController.swift */,
			);
			path = SearchResultsPageController;
			sourceTree = "<group>";
		};
		798D15271FC6253E007E01AB /* DetailViewController */ = {
			isa = PBXGroup;
			children = (
				7903981F1FC822CA00B24CD9 /* DetailViewController.storyboard */,
				798D15251FC624E6007E01AB /* DetailViewController.swift */,
			);
			path = DetailViewController;
			sourceTree = "<group>";
		};
		79BA240E1FC6037800F8511B /* Assets */ = {
			isa = PBXGroup;
			children = (
				79317F621FC1BDB3005A5900 /* Assets.xcassets */,
				79BA240F1FC6042A00F8511B /* Colors.xcassets */,
			);
			path = Assets;
			sourceTree = "<group>";
		};
		79D5C3191FC3879300F2F07D /* SearchHistoryViewController */ = {
			isa = PBXGroup;
			children = (
				7903981C1FC8221800B24CD9 /* SearchHistoryViewController.storyboard */,
				790398201FC8235200B24CD9 /* SearchHistoryViewController.swift */,
				79005C011FC87B1500A66B88 /* SearchHistoryViewController+SearchResultsViewControllerDelegate.swift */,
				79005BFF1FC87AF100A66B88 /* SearchHistoryViewController+UISearchBarDelegate.swift */,
				79005BFD1FC87ABE00A66B88 /* SearchHistoryViewController+UISearchControllerDelegate.swift */,
				79FF097E1FC5CDB600C4D2F6 /* SearchHistoryProvider.swift */,
				79FF09781FC5CCEE00C4D2F6 /* SearchHistoryCell.swift */,
				79FF097C1FC5CD7700C4D2F6 /* MovieSearchHistoryItem.swift */,
			);
			path = SearchHistoryViewController;
			sourceTree = "<group>";
		};
		79D5C31D1FC387C100F2F07D /* SearchResultsViewController */ = {
			isa = PBXGroup;
			children = (
				79D5C31A1FC387B400F2F07D /* SearchResultsViewController.storyboard */,
				79317F5D1FC1BDB3005A5900 /* SearchResultsViewController.swift */,
				79005BFB1FC8781B00A66B88 /* SearchResultsViewController+Segues.swift */,
				79D85FE01FC73970006EB8C3 /* SearchResultsViewController+UIPageViewControllerDataSource.swift */,
				79EC53C41FC460C800C6255D /* SearchResultsDataSourceProvider.swift */,
				793FDEC21FC1F34B00EE461D /* SearchResultCell.swift */,
				793FDEC61FC1F3C200EE461D /* Movie+DataSourceItemProtocol.swift */,
			);
			path = SearchResultsViewController;
			sourceTree = "<group>";
		};
/* End PBXGroup section */

/* Begin PBXNativeTarget section */
		79317F571FC1BDB3005A5900 /* MovieDB */ = {
			isa = PBXNativeTarget;
			buildConfigurationList = 79317F751FC1BDB4005A5900 /* Build configuration list for PBXNativeTarget "MovieDB" */;
			buildPhases = (
				79317F541FC1BDB3005A5900 /* Sources */,
				79317F551FC1BDB3005A5900 /* Frameworks */,
				79317F561FC1BDB3005A5900 /* Resources */,
				79317FA81FC1BE7B005A5900 /* Embed Frameworks */,
			);
			buildRules = (
			);
			dependencies = (
			);
			name = MovieDB;
			productName = MovieDB;
			productReference = 79317F581FC1BDB3005A5900 /* MovieDB.app */;
			productType = "com.apple.product-type.application";
		};
		79317F6B1FC1BDB3005A5900 /* MovieDBTests */ = {
			isa = PBXNativeTarget;
			buildConfigurationList = 79317F781FC1BDB4005A5900 /* Build configuration list for PBXNativeTarget "MovieDBTests" */;
			buildPhases = (
				79317F681FC1BDB3005A5900 /* Sources */,
				79317F691FC1BDB3005A5900 /* Frameworks */,
				79317F6A1FC1BDB3005A5900 /* Resources */,
			);
			buildRules = (
			);
			dependencies = (
				79317F6E1FC1BDB3005A5900 /* PBXTargetDependency */,
			);
			name = MovieDBTests;
			productName = MovieDBTests;
			productReference = 79317F6C1FC1BDB3005A5900 /* MovieDBTests.xctest */;
			productType = "com.apple.product-type.bundle.unit-test";
		};
		797B98321FC8AF2D0014D1FE /* MovieDBUITests */ = {
			isa = PBXNativeTarget;
			buildConfigurationList = 797B983C1FC8AF2D0014D1FE /* Build configuration list for PBXNativeTarget "MovieDBUITests" */;
			buildPhases = (
				797B982F1FC8AF2D0014D1FE /* Sources */,
				797B98301FC8AF2D0014D1FE /* Frameworks */,
				797B98311FC8AF2D0014D1FE /* Resources */,
			);
			buildRules = (
			);
			dependencies = (
				797B98391FC8AF2D0014D1FE /* PBXTargetDependency */,
			);
			name = MovieDBUITests;
			productName = MovieDBUITests;
			productReference = 797B98331FC8AF2D0014D1FE /* MovieDBUITests.xctest */;
			productType = "com.apple.product-type.bundle.ui-testing";
		};
/* End PBXNativeTarget section */

/* Begin PBXProject section */
		79317F501FC1BDB3005A5900 /* Project object */ = {
			isa = PBXProject;
			attributes = {
				LastSwiftUpdateCheck = 0910;
				LastUpgradeCheck = 0910;
				ORGANIZATIONNAME = "Richard Nees";
				TargetAttributes = {
					79317F571FC1BDB3005A5900 = {
						CreatedOnToolsVersion = 9.1;
						ProvisioningStyle = Automatic;
					};
					79317F6B1FC1BDB3005A5900 = {
						CreatedOnToolsVersion = 9.1;
						ProvisioningStyle = Automatic;
						TestTargetID = 79317F571FC1BDB3005A5900;
					};
					797B98321FC8AF2D0014D1FE = {
						CreatedOnToolsVersion = 9.1;
						ProvisioningStyle = Automatic;
						TestTargetID = 79317F571FC1BDB3005A5900;
					};
				};
			};
			buildConfigurationList = 79317F531FC1BDB3005A5900 /* Build configuration list for PBXProject "MovieDB" */;
			compatibilityVersion = "Xcode 8.0";
			developmentRegion = en;
			hasScannedForEncodings = 0;
			knownRegions = (
				en,
				Base,
			);
			mainGroup = 79317F4F1FC1BDB3005A5900;
			productRefGroup = 79317F591FC1BDB3005A5900 /* Products */;
			projectDirPath = "";
			projectRoot = "";
			targets = (
				79317F571FC1BDB3005A5900 /* MovieDB */,
				79317F6B1FC1BDB3005A5900 /* MovieDBTests */,
				797B98321FC8AF2D0014D1FE /* MovieDBUITests */,
			);
		};
/* End PBXProject section */

/* Begin PBXResourcesBuildPhase section */
		79317F561FC1BDB3005A5900 /* Resources */ = {
			isa = PBXResourcesBuildPhase;
			buildActionMask = 2147483647;
			files = (
				79BA24101FC6042A00F8511B /* Colors.xcassets in Resources */,
				79317F661FC1BDB3005A5900 /* LaunchScreen.storyboard in Resources */,
				790398231FC823DD00B24CD9 /* SearchHistoryViewController.storyboard in Resources */,
				79317F631FC1BDB3005A5900 /* Assets.xcassets in Resources */,
				79317FB41FC1BF5A005A5900 /* Release.xcconfig in Resources */,
				79D5C31C1FC387B400F2F07D /* SearchResultsViewController.storyboard in Resources */,
				79317F611FC1BDB3005A5900 /* Main.storyboard in Resources */,
				7903981D1FC822CA00B24CD9 /* DetailViewController.storyboard in Resources */,
				795259A61FC8247200FB2594 /* SearchResultsPageController.storyboard in Resources */,
				79317FB31FC1BF5A005A5900 /* Debug.xcconfig in Resources */,
				79317FB21FC1BF5A005A5900 /* MovieDB.xcconfig in Resources */,
			);
			runOnlyForDeploymentPostprocessing = 0;
		};
		79317F6A1FC1BDB3005A5900 /* Resources */ = {
			isa = PBXResourcesBuildPhase;
			buildActionMask = 2147483647;
			files = (
			);
			runOnlyForDeploymentPostprocessing = 0;
		};
		797B98311FC8AF2D0014D1FE /* Resources */ = {
			isa = PBXResourcesBuildPhase;
			buildActionMask = 2147483647;
			files = (
			);
			runOnlyForDeploymentPostprocessing = 0;
		};
/* End PBXResourcesBuildPhase section */

/* Begin PBXSourcesBuildPhase section */
		79317F541FC1BDB3005A5900 /* Sources */ = {
			isa = PBXSourcesBuildPhase;
			buildActionMask = 2147483647;
			files = (
				793FDEC31FC1F34B00EE461D /* SearchResultCell.swift in Sources */,
				793FDEC71FC1F3C200EE461D /* Movie+DataSourceItemProtocol.swift in Sources */,
				79317F5E1FC1BDB3005A5900 /* SearchResultsViewController.swift in Sources */,
				798D15261FC624E6007E01AB /* DetailViewController.swift in Sources */,
				79005C021FC87B1500A66B88 /* SearchHistoryViewController+SearchResultsViewControllerDelegate.swift in Sources */,
				79EC53C51FC460C800C6255D /* SearchResultsDataSourceProvider.swift in Sources */,
				79FF097F1FC5CDB600C4D2F6 /* SearchHistoryProvider.swift in Sources */,
				79005BFE1FC87ABE00A66B88 /* SearchHistoryViewController+UISearchControllerDelegate.swift in Sources */,
				79005C001FC87AF100A66B88 /* SearchHistoryViewController+UISearchBarDelegate.swift in Sources */,
				790398211FC8235200B24CD9 /* SearchHistoryViewController.swift in Sources */,
				79FF097D1FC5CD7700C4D2F6 /* MovieSearchHistoryItem.swift in Sources */,
				79317F5C1FC1BDB3005A5900 /* AppDelegate.swift in Sources */,
				79FF09791FC5CCEE00C4D2F6 /* SearchHistoryCell.swift in Sources */,
				79005BFC1FC8781B00A66B88 /* SearchResultsViewController+Segues.swift in Sources */,
				798D15241FC621DC007E01AB /* SearchResultsPageController.swift in Sources */,
				79D85FE11FC73970006EB8C3 /* SearchResultsViewController+UIPageViewControllerDataSource.swift in Sources */,
			);
			runOnlyForDeploymentPostprocessing = 0;
		};
		79317F681FC1BDB3005A5900 /* Sources */ = {
			isa = PBXSourcesBuildPhase;
			buildActionMask = 2147483647;
			files = (
				79317F711FC1BDB4005A5900 /* MovieDBTests.swift in Sources */,
			);
			runOnlyForDeploymentPostprocessing = 0;
		};
		797B982F1FC8AF2D0014D1FE /* Sources */ = {
			isa = PBXSourcesBuildPhase;
			buildActionMask = 2147483647;
			files = (
				797B98361FC8AF2D0014D1FE /* MovieDBUITests.swift in Sources */,
				797B983E1FC8AF770014D1FE /* SmokeTest.swift in Sources */,
			);
			runOnlyForDeploymentPostprocessing = 0;
		};
/* End PBXSourcesBuildPhase section */

/* Begin PBXTargetDependency section */
		79317F6E1FC1BDB3005A5900 /* PBXTargetDependency */ = {
			isa = PBXTargetDependency;
			target = 79317F571FC1BDB3005A5900 /* MovieDB */;
			targetProxy = 79317F6D1FC1BDB3005A5900 /* PBXContainerItemProxy */;
		};
		797B98391FC8AF2D0014D1FE /* PBXTargetDependency */ = {
			isa = PBXTargetDependency;
			target = 79317F571FC1BDB3005A5900 /* MovieDB */;
			targetProxy = 797B98381FC8AF2D0014D1FE /* PBXContainerItemProxy */;
		};
/* End PBXTargetDependency section */

/* Begin PBXVariantGroup section */
		7903981C1FC8221800B24CD9 /* SearchHistoryViewController.storyboard */ = {
			isa = PBXVariantGroup;
			children = (
				7903981B1FC8221800B24CD9 /* Base */,
			);
			name = SearchHistoryViewController.storyboard;
			sourceTree = "<group>";
		};
		7903981F1FC822CA00B24CD9 /* DetailViewController.storyboard */ = {
			isa = PBXVariantGroup;
			children = (
				7903981E1FC822CA00B24CD9 /* Base */,
			);
			name = DetailViewController.storyboard;
			path = Source/DetailViewController;
			sourceTree = SOURCE_ROOT;
		};
		79317F5F1FC1BDB3005A5900 /* Main.storyboard */ = {
			isa = PBXVariantGroup;
			children = (
				79317F601FC1BDB3005A5900 /* Base */,
			);
			name = Main.storyboard;
			sourceTree = "<group>";
		};
		79317F641FC1BDB3005A5900 /* LaunchScreen.storyboard */ = {
			isa = PBXVariantGroup;
			children = (
				79317F651FC1BDB3005A5900 /* Base */,
			);
			name = LaunchScreen.storyboard;
			sourceTree = "<group>";
		};
		795259A81FC8247200FB2594 /* SearchResultsPageController.storyboard */ = {
			isa = PBXVariantGroup;
			children = (
				795259A71FC8247200FB2594 /* Base */,
			);
			name = SearchResultsPageController.storyboard;
			sourceTree = "<group>";
		};
		79D5C31A1FC387B400F2F07D /* SearchResultsViewController.storyboard */ = {
			isa = PBXVariantGroup;
			children = (
				79D5C31B1FC387B400F2F07D /* Base */,
			);
			name = SearchResultsViewController.storyboard;
			sourceTree = "<group>";
		};
/* End PBXVariantGroup section */

/* Begin XCBuildConfiguration section */
		79317F731FC1BDB4005A5900 /* Debug */ = {
			isa = XCBuildConfiguration;
			baseConfigurationReference = 79317FB01FC1BF5A005A5900 /* Debug.xcconfig */;
			buildSettings = {
			};
			name = Debug;
		};
		79317F741FC1BDB4005A5900 /* Release */ = {
			isa = XCBuildConfiguration;
			baseConfigurationReference = 79317FB11FC1BF5A005A5900 /* Release.xcconfig */;
			buildSettings = {
			};
			name = Release;
		};
		79317F761FC1BDB4005A5900 /* Debug */ = {
			isa = XCBuildConfiguration;
			baseConfigurationReference = 79317FAF1FC1BF5A005A5900 /* MovieDB.xcconfig */;
			buildSettings = {
			};
			name = Debug;
		};
		79317F771FC1BDB4005A5900 /* Release */ = {
			isa = XCBuildConfiguration;
			baseConfigurationReference = 79317FAF1FC1BF5A005A5900 /* MovieDB.xcconfig */;
			buildSettings = {
			};
			name = Release;
		};
		79317F791FC1BDB4005A5900 /* Debug */ = {
			isa = XCBuildConfiguration;
			buildSettings = {
				ALWAYS_EMBED_SWIFT_STANDARD_LIBRARIES = YES;
				BUNDLE_LOADER = "$(TEST_HOST)";
				CODE_SIGN_STYLE = Automatic;
				DEVELOPMENT_TEAM = L67SAKHR8M;
				INFOPLIST_FILE = MovieDBTests/Info.plist;
				LD_RUNPATH_SEARCH_PATHS = "$(inherited) @executable_path/Frameworks @loader_path/Frameworks";
				PRODUCT_BUNDLE_IDENTIFIER = com.richardnees.MovieDBTests;
				PRODUCT_NAME = "$(TARGET_NAME)";
				SWIFT_VERSION = 4.0;
				TARGETED_DEVICE_FAMILY = "1,2";
				TEST_HOST = "$(BUILT_PRODUCTS_DIR)/MovieDB.app/MovieDB";
			};
			name = Debug;
		};
		79317F7A1FC1BDB4005A5900 /* Release */ = {
			isa = XCBuildConfiguration;
			buildSettings = {
				ALWAYS_EMBED_SWIFT_STANDARD_LIBRARIES = YES;
				BUNDLE_LOADER = "$(TEST_HOST)";
				CODE_SIGN_STYLE = Automatic;
				DEVELOPMENT_TEAM = L67SAKHR8M;
				INFOPLIST_FILE = MovieDBTests/Info.plist;
				LD_RUNPATH_SEARCH_PATHS = "$(inherited) @executable_path/Frameworks @loader_path/Frameworks";
				PRODUCT_BUNDLE_IDENTIFIER = com.richardnees.MovieDBTests;
				PRODUCT_NAME = "$(TARGET_NAME)";
				SWIFT_VERSION = 4.0;
				TARGETED_DEVICE_FAMILY = "1,2";
				TEST_HOST = "$(BUILT_PRODUCTS_DIR)/MovieDB.app/MovieDB";
			};
			name = Release;
		};
		797B983A1FC8AF2D0014D1FE /* Debug */ = {
			isa = XCBuildConfiguration;
			buildSettings = {
				INFOPLIST_FILE = MovieDBUITests/Info.plist;
				PRODUCT_BUNDLE_IDENTIFIER = com.richardnees.MovieDBUITests;
				PRODUCT_NAME = "$(TARGET_NAME)";
				TEST_TARGET_NAME = MovieDB;
			};
			name = Debug;
		};
		797B983B1FC8AF2D0014D1FE /* Release */ = {
			isa = XCBuildConfiguration;
			buildSettings = {
				INFOPLIST_FILE = MovieDBUITests/Info.plist;
				PRODUCT_BUNDLE_IDENTIFIER = com.richardnees.MovieDBUITests;
				PRODUCT_NAME = "$(TARGET_NAME)";
				TEST_TARGET_NAME = MovieDB;
			};
			name = Release;
		};
/* End XCBuildConfiguration section */

/* Begin XCConfigurationList section */
		79317F531FC1BDB3005A5900 /* Build configuration list for PBXProject "MovieDB" */ = {
			isa = XCConfigurationList;
			buildConfigurations = (
				79317F731FC1BDB4005A5900 /* Debug */,
				79317F741FC1BDB4005A5900 /* Release */,
			);
			defaultConfigurationIsVisible = 0;
			defaultConfigurationName = Release;
		};
		79317F751FC1BDB4005A5900 /* Build configuration list for PBXNativeTarget "MovieDB" */ = {
			isa = XCConfigurationList;
			buildConfigurations = (
				79317F761FC1BDB4005A5900 /* Debug */,
				79317F771FC1BDB4005A5900 /* Release */,
			);
			defaultConfigurationIsVisible = 0;
			defaultConfigurationName = Release;
		};
		79317F781FC1BDB4005A5900 /* Build configuration list for PBXNativeTarget "MovieDBTests" */ = {
			isa = XCConfigurationList;
			buildConfigurations = (
				79317F791FC1BDB4005A5900 /* Debug */,
				79317F7A1FC1BDB4005A5900 /* Release */,
			);
			defaultConfigurationIsVisible = 0;
			defaultConfigurationName = Release;
		};
		797B983C1FC8AF2D0014D1FE /* Build configuration list for PBXNativeTarget "MovieDBUITests" */ = {
			isa = XCConfigurationList;
			buildConfigurations = (
				797B983A1FC8AF2D0014D1FE /* Debug */,
				797B983B1FC8AF2D0014D1FE /* Release */,
			);
			defaultConfigurationIsVisible = 0;
			defaultConfigurationName = Release;
		};
/* End XCConfigurationList section */
	};
	rootObject = 79317F501FC1BDB3005A5900 /* Project object */;
}
