// !$*UTF8*$!
{
	archiveVersion = 1;
	classes = {
	};
	objectVersion = 48;
	objects = {

/* Begin PBXBuildFile section */
		79317F391FC1BC88005A5900 /* MovieDBCore.framework in Frameworks */ = {isa = PBXBuildFile; fileRef = 79317F2F1FC1BC88005A5900 /* MovieDBCore.framework */; };
		79317F3E1FC1BC88005A5900 /* MovieDBCoreTests.swift in Sources */ = {isa = PBXBuildFile; fileRef = 79317F3D1FC1BC88005A5900 /* MovieDBCoreTests.swift */; };
		79317F401FC1BC88005A5900 /* MovieDBCore.h in Headers */ = {isa = PBXBuildFile; fileRef = 79317F321FC1BC88005A5900 /* MovieDBCore.h */; settings = {ATTRIBUTES = (Public, ); }; };
		79317FB81FC1BF6A005A5900 /* Debug.xcconfig in Resources */ = {isa = PBXBuildFile; fileRef = 79317FB51FC1BF6A005A5900 /* Debug.xcconfig */; };
		79317FB91FC1BF6A005A5900 /* Release.xcconfig in Resources */ = {isa = PBXBuildFile; fileRef = 79317FB61FC1BF6A005A5900 /* Release.xcconfig */; };
		79317FBA1FC1BF6A005A5900 /* MovieDBCore.xcconfig in Resources */ = {isa = PBXBuildFile; fileRef = 79317FB71FC1BF6A005A5900 /* MovieDBCore.xcconfig */; };
		79317FC41FC1C3D5005A5900 /* Resource.swift in Sources */ = {isa = PBXBuildFile; fileRef = 79317FC11FC1C3D5005A5900 /* Resource.swift */; };
		79317FC61FC1C3D5005A5900 /* Result.swift in Sources */ = {isa = PBXBuildFile; fileRef = 79317FC31FC1C3D5005A5900 /* Result.swift */; };
		79317FC91FC1C490005A5900 /* MovieDBCore.swift in Sources */ = {isa = PBXBuildFile; fileRef = 79317FC81FC1C490005A5900 /* MovieDBCore.swift */; };
		79317FD01FC1C60F005A5900 /* Movie.swift in Sources */ = {isa = PBXBuildFile; fileRef = 79317FCF1FC1C60F005A5900 /* Movie.swift */; };
		79317FD21FC1C767005A5900 /* MovieSearchContainer.swift in Sources */ = {isa = PBXBuildFile; fileRef = 79317FD11FC1C767005A5900 /* MovieSearchContainer.swift */; };
		79317FD71FC1CC8E005A5900 /* API.swift in Sources */ = {isa = PBXBuildFile; fileRef = 79317FD61FC1CC8E005A5900 /* API.swift */; };
		79317FDB1FC1D922005A5900 /* MovieSearchRequest.swift in Sources */ = {isa = PBXBuildFile; fileRef = 79317FDA1FC1D922005A5900 /* MovieSearchRequest.swift */; };
		79317FDD1FC1DA2A005A5900 /* Request.swift in Sources */ = {isa = PBXBuildFile; fileRef = 79317FDC1FC1DA2A005A5900 /* Request.swift */; };
		793FDEC11FC1EF0700EE461D /* Poster.swift in Sources */ = {isa = PBXBuildFile; fileRef = 793FDEC01FC1EF0700EE461D /* Poster.swift */; };
		7992615E1FC6E12800DB8F53 /* APITests.swift in Sources */ = {isa = PBXBuildFile; fileRef = 7992615D1FC6E12800DB8F53 /* APITests.swift */; };
		799261631FC6E2A600DB8F53 /* DateFormatter.swift in Sources */ = {isa = PBXBuildFile; fileRef = 799261621FC6E2A600DB8F53 /* DateFormatter.swift */; };
		7992616B1FC6E91700DB8F53 /* MovieSearchRequestTests.swift in Sources */ = {isa = PBXBuildFile; fileRef = 7992616A1FC6E91700DB8F53 /* MovieSearchRequestTests.swift */; };
		7992616D1FC6EC3C00DB8F53 /* APIClientTests.swift in Sources */ = {isa = PBXBuildFile; fileRef = 7992616C1FC6EC3C00DB8F53 /* APIClientTests.swift */; };
		799261721FC6EE0A00DB8F53 /* MockURLSession.swift in Sources */ = {isa = PBXBuildFile; fileRef = 799261711FC6EE0A00DB8F53 /* MockURLSession.swift */; };
		799261741FC6EF7100DB8F53 /* MovieSearchContainerTests.swift in Sources */ = {isa = PBXBuildFile; fileRef = 799261731FC6EF7100DB8F53 /* MovieSearchContainerTests.swift */; };
		799261761FC6F34D00DB8F53 /* MockURLSessionDataTask.swift in Sources */ = {isa = PBXBuildFile; fileRef = 799261751FC6F34D00DB8F53 /* MockURLSessionDataTask.swift */; };
		799261791FC6F5D200DB8F53 /* APIClient.swift in Sources */ = {isa = PBXBuildFile; fileRef = 799261771FC6F55B00DB8F53 /* APIClient.swift */; };
		7992617C1FC6F67400DB8F53 /* URLSessionProtocol.swift in Sources */ = {isa = PBXBuildFile; fileRef = 7992617A1FC6F65800DB8F53 /* URLSessionProtocol.swift */; };
		79A9C6D71FC839770087D74C /* APIClient.HTTPStatusError.swift in Sources */ = {isa = PBXBuildFile; fileRef = 79A9C6D61FC839770087D74C /* APIClient.HTTPStatusError.swift */; };
		79A9C6D91FC839B00087D74C /* APIClient.ParsingError.swift in Sources */ = {isa = PBXBuildFile; fileRef = 79A9C6D81FC839B00087D74C /* APIClient.ParsingError.swift */; };
		79D85FD31FC7190B006EB8C3 /* FileManagerTests.swift in Sources */ = {isa = PBXBuildFile; fileRef = 79D85FD21FC7190B006EB8C3 /* FileManagerTests.swift */; };
		79D85FD51FC7191B006EB8C3 /* MockFileManager.swift in Sources */ = {isa = PBXBuildFile; fileRef = 79D85FD41FC7191B006EB8C3 /* MockFileManager.swift */; };
		79D85FD71FC71AF4006EB8C3 /* MovieSearchContainer.json in Resources */ = {isa = PBXBuildFile; fileRef = 79D85FD61FC71AF4006EB8C3 /* MovieSearchContainer.json */; };
		79D85FDA1FC71EF4006EB8C3 /* Movie1.json in Resources */ = {isa = PBXBuildFile; fileRef = 79D85FD81FC71EF4006EB8C3 /* Movie1.json */; };
		79D85FDB1FC71EF4006EB8C3 /* Movie2.json in Resources */ = {isa = PBXBuildFile; fileRef = 79D85FD91FC71EF4006EB8C3 /* Movie2.json */; };
		79D85FDD1FC7203D006EB8C3 /* MovieTests.swift in Sources */ = {isa = PBXBuildFile; fileRef = 79D85FDC1FC7203D006EB8C3 /* MovieTests.swift */; };
		79EC53B61FC4303400C6255D /* MovieSearchContainer+Resource.swift in Sources */ = {isa = PBXBuildFile; fileRef = 79EC53B51FC4303400C6255D /* MovieSearchContainer+Resource.swift */; };
		79EC53BB1FC45FFA00C6255D /* DataSourceProviding.swift in Sources */ = {isa = PBXBuildFile; fileRef = 79EC53BA1FC45FFA00C6255D /* DataSourceProviding.swift */; };
		79EC53BD1FC4601500C6255D /* DataSourceItemProtocol.swift in Sources */ = {isa = PBXBuildFile; fileRef = 79EC53BC1FC4601500C6255D /* DataSourceItemProtocol.swift */; };
		79EC53C11FC4608500C6255D /* NetworkDataSourceProviding.swift in Sources */ = {isa = PBXBuildFile; fileRef = 79EC53C01FC4608500C6255D /* NetworkDataSourceProviding.swift */; };
		79EC53C31FC4609200C6255D /* PagingNetworkDataSourceProviding.swift in Sources */ = {isa = PBXBuildFile; fileRef = 79EC53C21FC4609200C6255D /* PagingNetworkDataSourceProviding.swift */; };
		79EC53CB1FC466B500C6255D /* LocalCodableDataSourceProviding.swift in Sources */ = {isa = PBXBuildFile; fileRef = 79EC53CA1FC466B500C6255D /* LocalCodableDataSourceProviding.swift */; };
		79EC53CE1FC48C6900C6255D /* FileManager.swift in Sources */ = {isa = PBXBuildFile; fileRef = 79EC53CD1FC48C6900C6255D /* FileManager.swift */; };
		79EC53D01FC48D1A00C6255D /* JSONCodableDataSourceProviding.swift in Sources */ = {isa = PBXBuildFile; fileRef = 79EC53CF1FC48D1A00C6255D /* JSONCodableDataSourceProviding.swift */; };
		79EC53D31FC4903B00C6255D /* PropertyListCodableDataSourceProviding.swift in Sources */ = {isa = PBXBuildFile; fileRef = 79EC53D21FC4903B00C6255D /* PropertyListCodableDataSourceProviding.swift */; };
/* End PBXBuildFile section */

/* Begin PBXContainerItemProxy section */
		79317F3A1FC1BC88005A5900 /* PBXContainerItemProxy */ = {
			isa = PBXContainerItemProxy;
			containerPortal = 79317F261FC1BC88005A5900 /* Project object */;
			proxyType = 1;
			remoteGlobalIDString = 79317F2E1FC1BC88005A5900;
			remoteInfo = MovieDBCore;
		};
/* End PBXContainerItemProxy section */

/* Begin PBXFileReference section */
		79317F2F1FC1BC88005A5900 /* MovieDBCore.framework */ = {isa = PBXFileReference; explicitFileType = wrapper.framework; includeInIndex = 0; path = MovieDBCore.framework; sourceTree = BUILT_PRODUCTS_DIR; };
		79317F321FC1BC88005A5900 /* MovieDBCore.h */ = {isa = PBXFileReference; lastKnownFileType = sourcecode.c.h; path = MovieDBCore.h; sourceTree = "<group>"; };
		79317F331FC1BC88005A5900 /* Info.plist */ = {isa = PBXFileReference; lastKnownFileType = text.plist.xml; path = Info.plist; sourceTree = "<group>"; };
		79317F381FC1BC88005A5900 /* MovieDBCoreTests.xctest */ = {isa = PBXFileReference; explicitFileType = wrapper.cfbundle; includeInIndex = 0; path = MovieDBCoreTests.xctest; sourceTree = BUILT_PRODUCTS_DIR; };
		79317F3D1FC1BC88005A5900 /* MovieDBCoreTests.swift */ = {isa = PBXFileReference; lastKnownFileType = sourcecode.swift; path = MovieDBCoreTests.swift; sourceTree = "<group>"; };
		79317F3F1FC1BC88005A5900 /* Info.plist */ = {isa = PBXFileReference; lastKnownFileType = text.plist.xml; path = Info.plist; sourceTree = "<group>"; };
		79317FB51FC1BF6A005A5900 /* Debug.xcconfig */ = {isa = PBXFileReference; fileEncoding = 4; lastKnownFileType = text.xcconfig; path = Debug.xcconfig; sourceTree = "<group>"; };
		79317FB61FC1BF6A005A5900 /* Release.xcconfig */ = {isa = PBXFileReference; fileEncoding = 4; lastKnownFileType = text.xcconfig; path = Release.xcconfig; sourceTree = "<group>"; };
		79317FB71FC1BF6A005A5900 /* MovieDBCore.xcconfig */ = {isa = PBXFileReference; fileEncoding = 4; lastKnownFileType = text.xcconfig; path = MovieDBCore.xcconfig; sourceTree = "<group>"; };
		79317FC11FC1C3D5005A5900 /* Resource.swift */ = {isa = PBXFileReference; fileEncoding = 4; lastKnownFileType = sourcecode.swift; path = Resource.swift; sourceTree = "<group>"; };
		79317FC31FC1C3D5005A5900 /* Result.swift */ = {isa = PBXFileReference; fileEncoding = 4; lastKnownFileType = sourcecode.swift; path = Result.swift; sourceTree = "<group>"; };
		79317FC81FC1C490005A5900 /* MovieDBCore.swift */ = {isa = PBXFileReference; lastKnownFileType = sourcecode.swift; path = MovieDBCore.swift; sourceTree = "<group>"; };
		79317FCF1FC1C60F005A5900 /* Movie.swift */ = {isa = PBXFileReference; lastKnownFileType = sourcecode.swift; path = Movie.swift; sourceTree = "<group>"; };
		79317FD11FC1C767005A5900 /* MovieSearchContainer.swift */ = {isa = PBXFileReference; lastKnownFileType = sourcecode.swift; path = MovieSearchContainer.swift; sourceTree = "<group>"; };
		79317FD61FC1CC8E005A5900 /* API.swift */ = {isa = PBXFileReference; lastKnownFileType = sourcecode.swift; path = API.swift; sourceTree = "<group>"; };
		79317FDA1FC1D922005A5900 /* MovieSearchRequest.swift */ = {isa = PBXFileReference; lastKnownFileType = sourcecode.swift; path = MovieSearchRequest.swift; sourceTree = "<group>"; };
		79317FDC1FC1DA2A005A5900 /* Request.swift */ = {isa = PBXFileReference; lastKnownFileType = sourcecode.swift; path = Request.swift; sourceTree = "<group>"; };
		793FDEC01FC1EF0700EE461D /* Poster.swift */ = {isa = PBXFileReference; lastKnownFileType = sourcecode.swift; path = Poster.swift; sourceTree = "<group>"; };
		7992615D1FC6E12800DB8F53 /* APITests.swift */ = {isa = PBXFileReference; lastKnownFileType = sourcecode.swift; path = APITests.swift; sourceTree = "<group>"; };
		799261621FC6E2A600DB8F53 /* DateFormatter.swift */ = {isa = PBXFileReference; lastKnownFileType = sourcecode.swift; path = DateFormatter.swift; sourceTree = "<group>"; };
		7992616A1FC6E91700DB8F53 /* MovieSearchRequestTests.swift */ = {isa = PBXFileReference; lastKnownFileType = sourcecode.swift; path = MovieSearchRequestTests.swift; sourceTree = "<group>"; };
		7992616C1FC6EC3C00DB8F53 /* APIClientTests.swift */ = {isa = PBXFileReference; lastKnownFileType = sourcecode.swift; path = APIClientTests.swift; sourceTree = "<group>"; };
		799261711FC6EE0A00DB8F53 /* MockURLSession.swift */ = {isa = PBXFileReference; lastKnownFileType = sourcecode.swift; path = MockURLSession.swift; sourceTree = "<group>"; };
		799261731FC6EF7100DB8F53 /* MovieSearchContainerTests.swift */ = {isa = PBXFileReference; lastKnownFileType = sourcecode.swift; path = MovieSearchContainerTests.swift; sourceTree = "<group>"; };
		799261751FC6F34D00DB8F53 /* MockURLSessionDataTask.swift */ = {isa = PBXFileReference; lastKnownFileType = sourcecode.swift; path = MockURLSessionDataTask.swift; sourceTree = "<group>"; };
		799261771FC6F55B00DB8F53 /* APIClient.swift */ = {isa = PBXFileReference; lastKnownFileType = sourcecode.swift; path = APIClient.swift; sourceTree = "<group>"; };
		7992617A1FC6F65800DB8F53 /* URLSessionProtocol.swift */ = {isa = PBXFileReference; lastKnownFileType = sourcecode.swift; path = URLSessionProtocol.swift; sourceTree = "<group>"; };
		79A9C6D61FC839770087D74C /* APIClient.HTTPStatusError.swift */ = {isa = PBXFileReference; lastKnownFileType = sourcecode.swift; path = APIClient.HTTPStatusError.swift; sourceTree = "<group>"; };
		79A9C6D81FC839B00087D74C /* APIClient.ParsingError.swift */ = {isa = PBXFileReference; lastKnownFileType = sourcecode.swift; path = APIClient.ParsingError.swift; sourceTree = "<group>"; };
		79D85FD21FC7190B006EB8C3 /* FileManagerTests.swift */ = {isa = PBXFileReference; fileEncoding = 4; lastKnownFileType = sourcecode.swift; path = FileManagerTests.swift; sourceTree = "<group>"; };
		79D85FD41FC7191B006EB8C3 /* MockFileManager.swift */ = {isa = PBXFileReference; fileEncoding = 4; lastKnownFileType = sourcecode.swift; path = MockFileManager.swift; sourceTree = "<group>"; };
		79D85FD61FC71AF4006EB8C3 /* MovieSearchContainer.json */ = {isa = PBXFileReference; fileEncoding = 4; lastKnownFileType = text.json; path = MovieSearchContainer.json; sourceTree = "<group>"; };
		79D85FD81FC71EF4006EB8C3 /* Movie1.json */ = {isa = PBXFileReference; fileEncoding = 4; lastKnownFileType = text.json; path = Movie1.json; sourceTree = "<group>"; };
		79D85FD91FC71EF4006EB8C3 /* Movie2.json */ = {isa = PBXFileReference; fileEncoding = 4; lastKnownFileType = text.json; path = Movie2.json; sourceTree = "<group>"; };
		79D85FDC1FC7203D006EB8C3 /* MovieTests.swift */ = {isa = PBXFileReference; lastKnownFileType = sourcecode.swift; path = MovieTests.swift; sourceTree = "<group>"; };
		79EC53B51FC4303400C6255D /* MovieSearchContainer+Resource.swift */ = {isa = PBXFileReference; fileEncoding = 4; lastKnownFileType = sourcecode.swift; path = "MovieSearchContainer+Resource.swift"; sourceTree = "<group>"; };
		79EC53BA1FC45FFA00C6255D /* DataSourceProviding.swift */ = {isa = PBXFileReference; lastKnownFileType = sourcecode.swift; path = DataSourceProviding.swift; sourceTree = "<group>"; };
		79EC53BC1FC4601500C6255D /* DataSourceItemProtocol.swift */ = {isa = PBXFileReference; fileEncoding = 4; lastKnownFileType = sourcecode.swift; path = DataSourceItemProtocol.swift; sourceTree = "<group>"; };
		79EC53C01FC4608500C6255D /* NetworkDataSourceProviding.swift */ = {isa = PBXFileReference; lastKnownFileType = sourcecode.swift; path = NetworkDataSourceProviding.swift; sourceTree = "<group>"; };
		79EC53C21FC4609200C6255D /* PagingNetworkDataSourceProviding.swift */ = {isa = PBXFileReference; lastKnownFileType = sourcecode.swift; path = PagingNetworkDataSourceProviding.swift; sourceTree = "<group>"; };
		79EC53CA1FC466B500C6255D /* LocalCodableDataSourceProviding.swift */ = {isa = PBXFileReference; lastKnownFileType = sourcecode.swift; path = LocalCodableDataSourceProviding.swift; sourceTree = "<group>"; };
		79EC53CD1FC48C6900C6255D /* FileManager.swift */ = {isa = PBXFileReference; lastKnownFileType = sourcecode.swift; path = FileManager.swift; sourceTree = "<group>"; };
		79EC53CF1FC48D1A00C6255D /* JSONCodableDataSourceProviding.swift */ = {isa = PBXFileReference; lastKnownFileType = sourcecode.swift; path = JSONCodableDataSourceProviding.swift; sourceTree = "<group>"; };
		79EC53D21FC4903B00C6255D /* PropertyListCodableDataSourceProviding.swift */ = {isa = PBXFileReference; lastKnownFileType = sourcecode.swift; path = PropertyListCodableDataSourceProviding.swift; sourceTree = "<group>"; };
/* End PBXFileReference section */

/* Begin PBXFrameworksBuildPhase section */
		79317F2B1FC1BC88005A5900 /* Frameworks */ = {
			isa = PBXFrameworksBuildPhase;
			buildActionMask = 2147483647;
			files = (
			);
			runOnlyForDeploymentPostprocessing = 0;
		};
		79317F351FC1BC88005A5900 /* Frameworks */ = {
			isa = PBXFrameworksBuildPhase;
			buildActionMask = 2147483647;
			files = (
				79317F391FC1BC88005A5900 /* MovieDBCore.framework in Frameworks */,
			);
			runOnlyForDeploymentPostprocessing = 0;
		};
/* End PBXFrameworksBuildPhase section */

/* Begin PBXGroup section */
		79005BF71FC8488600A66B88 /* DataSourceItemProtocol */ = {
			isa = PBXGroup;
			children = (
				79EC53BC1FC4601500C6255D /* DataSourceItemProtocol.swift */,
			);
			path = DataSourceItemProtocol;
			sourceTree = "<group>";
		};
		79317F251FC1BC88005A5900 = {
			isa = PBXGroup;
			children = (
				79317FAD1FC1BF0C005A5900 /* Configuration */,
				79317F311FC1BC88005A5900 /* Source */,
				79317F3C1FC1BC88005A5900 /* MovieDBCoreTests */,
				79317F301FC1BC88005A5900 /* Products */,
			);
			sourceTree = "<group>";
		};
		79317F301FC1BC88005A5900 /* Products */ = {
			isa = PBXGroup;
			children = (
				79317F2F1FC1BC88005A5900 /* MovieDBCore.framework */,
				79317F381FC1BC88005A5900 /* MovieDBCoreTests.xctest */,
			);
			name = Products;
			sourceTree = "<group>";
		};
		79317F311FC1BC88005A5900 /* Source */ = {
			isa = PBXGroup;
			children = (
				79317F331FC1BC88005A5900 /* Info.plist */,
				79317FCC1FC1C4E1005A5900 /* MovieDBCore */,
				79EC53CC1FC48C4C00C6255D /* Foundation Extensions */,
				79317FD51FC1CC7C005A5900 /* API */,
				79317FC71FC1C3DD005A5900 /* Resource */,
				79EC53B91FC45FE500C6255D /* DataSourceProviding */,
				79317FCE1FC1C601005A5900 /* Movie */,
				793FDEBF1FC1EEEA00EE461D /* Poster */,
				79005BF71FC8488600A66B88 /* DataSourceItemProtocol */,
			);
			path = Source;
			sourceTree = "<group>";
		};
		79317F3C1FC1BC88005A5900 /* MovieDBCoreTests */ = {
			isa = PBXGroup;
			children = (
				79D85FCF1FC70CEB006EB8C3 /* Mocks */,
				799261641FC6E37200DB8F53 /* Foundation Extensions */,
				7992615F1FC6E13300DB8F53 /* MovieDBCore */,
				799261611FC6E14E00DB8F53 /* API */,
				799261691FC6E90600DB8F53 /* Movie */,
				79317F3F1FC1BC88005A5900 /* Info.plist */,
			);
			path = MovieDBCoreTests;
			sourceTree = "<group>";
		};
		79317FAD1FC1BF0C005A5900 /* Configuration */ = {
			isa = PBXGroup;
			children = (
				79317FB71FC1BF6A005A5900 /* MovieDBCore.xcconfig */,
				79317FB51FC1BF6A005A5900 /* Debug.xcconfig */,
				79317FB61FC1BF6A005A5900 /* Release.xcconfig */,
			);
			path = Configuration;
			sourceTree = "<group>";
		};
		79317FC71FC1C3DD005A5900 /* Resource */ = {
			isa = PBXGroup;
			children = (
				79317FC11FC1C3D5005A5900 /* Resource.swift */,
				79317FC31FC1C3D5005A5900 /* Result.swift */,
				79317FDC1FC1DA2A005A5900 /* Request.swift */,
			);
			path = Resource;
			sourceTree = "<group>";
		};
		79317FCC1FC1C4E1005A5900 /* MovieDBCore */ = {
			isa = PBXGroup;
			children = (
				79317F321FC1BC88005A5900 /* MovieDBCore.h */,
				79317FC81FC1C490005A5900 /* MovieDBCore.swift */,
			);
			path = MovieDBCore;
			sourceTree = "<group>";
		};
		79317FCE1FC1C601005A5900 /* Movie */ = {
			isa = PBXGroup;
			children = (
				79317FCF1FC1C60F005A5900 /* Movie.swift */,
				79317FD11FC1C767005A5900 /* MovieSearchContainer.swift */,
				79EC53B51FC4303400C6255D /* MovieSearchContainer+Resource.swift */,
				79317FDA1FC1D922005A5900 /* MovieSearchRequest.swift */,
			);
			path = Movie;
			sourceTree = "<group>";
		};
		79317FD51FC1CC7C005A5900 /* API */ = {
			isa = PBXGroup;
			children = (
				79317FD61FC1CC8E005A5900 /* API.swift */,
				799261771FC6F55B00DB8F53 /* APIClient.swift */,
				79A9C6D61FC839770087D74C /* APIClient.HTTPStatusError.swift */,
				79A9C6D81FC839B00087D74C /* APIClient.ParsingError.swift */,
				7992617A1FC6F65800DB8F53 /* URLSessionProtocol.swift */,
			);
			path = API;
			sourceTree = "<group>";
		};
		793FDEBF1FC1EEEA00EE461D /* Poster */ = {
			isa = PBXGroup;
			children = (
				793FDEC01FC1EF0700EE461D /* Poster.swift */,
			);
			path = Poster;
			sourceTree = "<group>";
		};
		7992615F1FC6E13300DB8F53 /* MovieDBCore */ = {
			isa = PBXGroup;
			children = (
				79317F3D1FC1BC88005A5900 /* MovieDBCoreTests.swift */,
			);
			path = MovieDBCore;
			sourceTree = "<group>";
		};
		799261611FC6E14E00DB8F53 /* API */ = {
			isa = PBXGroup;
			children = (
				7992615D1FC6E12800DB8F53 /* APITests.swift */,
				7992616C1FC6EC3C00DB8F53 /* APIClientTests.swift */,
			);
			path = API;
			sourceTree = "<group>";
		};
		799261641FC6E37200DB8F53 /* Foundation Extensions */ = {
			isa = PBXGroup;
			children = (
				79D85FD21FC7190B006EB8C3 /* FileManagerTests.swift */,
			);
			path = "Foundation Extensions";
			sourceTree = "<group>";
		};
		799261691FC6E90600DB8F53 /* Movie */ = {
			isa = PBXGroup;
			children = (
				7992616A1FC6E91700DB8F53 /* MovieSearchRequestTests.swift */,
				799261731FC6EF7100DB8F53 /* MovieSearchContainerTests.swift */,
				79D85FDC1FC7203D006EB8C3 /* MovieTests.swift */,
				79D85FD81FC71EF4006EB8C3 /* Movie1.json */,
				79D85FD91FC71EF4006EB8C3 /* Movie2.json */,
				79D85FD61FC71AF4006EB8C3 /* MovieSearchContainer.json */,
			);
			path = Movie;
			sourceTree = "<group>";
		};
		79D85FCF1FC70CEB006EB8C3 /* Mocks */ = {
			isa = PBXGroup;
			children = (
				79D85FD41FC7191B006EB8C3 /* MockFileManager.swift */,
				799261711FC6EE0A00DB8F53 /* MockURLSession.swift */,
				799261751FC6F34D00DB8F53 /* MockURLSessionDataTask.swift */,
			);
			path = Mocks;
			sourceTree = "<group>";
		};
		79EC53B91FC45FE500C6255D /* DataSourceProviding */ = {
			isa = PBXGroup;
			children = (
				79EC53BA1FC45FFA00C6255D /* DataSourceProviding.swift */,
				79EC53CA1FC466B500C6255D /* LocalCodableDataSourceProviding.swift */,
				79EC53CF1FC48D1A00C6255D /* JSONCodableDataSourceProviding.swift */,
				79EC53D21FC4903B00C6255D /* PropertyListCodableDataSourceProviding.swift */,
				79EC53C01FC4608500C6255D /* NetworkDataSourceProviding.swift */,
				79EC53C21FC4609200C6255D /* PagingNetworkDataSourceProviding.swift */,
			);
			path = DataSourceProviding;
			sourceTree = "<group>";
		};
		79EC53CC1FC48C4C00C6255D /* Foundation Extensions */ = {
			isa = PBXGroup;
			children = (
				79EC53CD1FC48C6900C6255D /* FileManager.swift */,
				799261621FC6E2A600DB8F53 /* DateFormatter.swift */,
			);
			path = "Foundation Extensions";
			sourceTree = "<group>";
		};
/* End PBXGroup section */

/* Begin PBXHeadersBuildPhase section */
		79317F2C1FC1BC88005A5900 /* Headers */ = {
			isa = PBXHeadersBuildPhase;
			buildActionMask = 2147483647;
			files = (
				79317F401FC1BC88005A5900 /* MovieDBCore.h in Headers */,
			);
			runOnlyForDeploymentPostprocessing = 0;
		};
/* End PBXHeadersBuildPhase section */

/* Begin PBXNativeTarget section */
		79317F2E1FC1BC88005A5900 /* MovieDBCore */ = {
			isa = PBXNativeTarget;
			buildConfigurationList = 79317F431FC1BC88005A5900 /* Build configuration list for PBXNativeTarget "MovieDBCore" */;
			buildPhases = (
				79317F2A1FC1BC88005A5900 /* Sources */,
				79317F2B1FC1BC88005A5900 /* Frameworks */,
				79317F2C1FC1BC88005A5900 /* Headers */,
				79317F2D1FC1BC88005A5900 /* Resources */,
			);
			buildRules = (
			);
			dependencies = (
			);
			name = MovieDBCore;
			productName = MovieDBCore;
			productReference = 79317F2F1FC1BC88005A5900 /* MovieDBCore.framework */;
			productType = "com.apple.product-type.framework";
		};
		79317F371FC1BC88005A5900 /* MovieDBCoreTests */ = {
			isa = PBXNativeTarget;
			buildConfigurationList = 79317F461FC1BC88005A5900 /* Build configuration list for PBXNativeTarget "MovieDBCoreTests" */;
			buildPhases = (
				79317F341FC1BC88005A5900 /* Sources */,
				79317F351FC1BC88005A5900 /* Frameworks */,
				79317F361FC1BC88005A5900 /* Resources */,
			);
			buildRules = (
			);
			dependencies = (
				79317F3B1FC1BC88005A5900 /* PBXTargetDependency */,
			);
			name = MovieDBCoreTests;
			productName = MovieDBCoreTests;
			productReference = 79317F381FC1BC88005A5900 /* MovieDBCoreTests.xctest */;
			productType = "com.apple.product-type.bundle.unit-test";
		};
/* End PBXNativeTarget section */

/* Begin PBXProject section */
		79317F261FC1BC88005A5900 /* Project object */ = {
			isa = PBXProject;
			attributes = {
				LastSwiftUpdateCheck = 0910;
				LastUpgradeCheck = 0910;
				ORGANIZATIONNAME = "Richard Nees";
				TargetAttributes = {
					79317F2E1FC1BC88005A5900 = {
						CreatedOnToolsVersion = 9.1;
						LastSwiftMigration = 0910;
						ProvisioningStyle = Automatic;
					};
					79317F371FC1BC88005A5900 = {
						CreatedOnToolsVersion = 9.1;
						ProvisioningStyle = Automatic;
					};
				};
			};
			buildConfigurationList = 79317F291FC1BC88005A5900 /* Build configuration list for PBXProject "MovieDBCore" */;
			compatibilityVersion = "Xcode 8.0";
			developmentRegion = en;
			hasScannedForEncodings = 0;
			knownRegions = (
				en,
			);
			mainGroup = 79317F251FC1BC88005A5900;
			productRefGroup = 79317F301FC1BC88005A5900 /* Products */;
			projectDirPath = "";
			projectRoot = "";
			targets = (
				79317F2E1FC1BC88005A5900 /* MovieDBCore */,
				79317F371FC1BC88005A5900 /* MovieDBCoreTests */,
			);
		};
/* End PBXProject section */

/* Begin PBXResourcesBuildPhase section */
		79317F2D1FC1BC88005A5900 /* Resources */ = {
			isa = PBXResourcesBuildPhase;
			buildActionMask = 2147483647;
			files = (
				79317FB91FC1BF6A005A5900 /* Release.xcconfig in Resources */,
				79317FBA1FC1BF6A005A5900 /* MovieDBCore.xcconfig in Resources */,
				79317FB81FC1BF6A005A5900 /* Debug.xcconfig in Resources */,
			);
			runOnlyForDeploymentPostprocessing = 0;
		};
		79317F361FC1BC88005A5900 /* Resources */ = {
			isa = PBXResourcesBuildPhase;
			buildActionMask = 2147483647;
			files = (
				79D85FDA1FC71EF4006EB8C3 /* Movie1.json in Resources */,
				79D85FD71FC71AF4006EB8C3 /* MovieSearchContainer.json in Resources */,
				79D85FDB1FC71EF4006EB8C3 /* Movie2.json in Resources */,
			);
			runOnlyForDeploymentPostprocessing = 0;
		};
/* End PBXResourcesBuildPhase section */

/* Begin PBXSourcesBuildPhase section */
		79317F2A1FC1BC88005A5900 /* Sources */ = {
			isa = PBXSourcesBuildPhase;
			buildActionMask = 2147483647;
			files = (
				79EC53CE1FC48C6900C6255D /* FileManager.swift in Sources */,
				79317FD21FC1C767005A5900 /* MovieSearchContainer.swift in Sources */,
				79EC53D31FC4903B00C6255D /* PropertyListCodableDataSourceProviding.swift in Sources */,
				79317FDB1FC1D922005A5900 /* MovieSearchRequest.swift in Sources */,
				79317FC61FC1C3D5005A5900 /* Result.swift in Sources */,
				79EC53BD1FC4601500C6255D /* DataSourceItemProtocol.swift in Sources */,
				79317FC41FC1C3D5005A5900 /* Resource.swift in Sources */,
				79A9C6D71FC839770087D74C /* APIClient.HTTPStatusError.swift in Sources */,
				79EC53C31FC4609200C6255D /* PagingNetworkDataSourceProviding.swift in Sources */,
				799261791FC6F5D200DB8F53 /* APIClient.swift in Sources */,
				79317FC91FC1C490005A5900 /* MovieDBCore.swift in Sources */,
				79317FDD1FC1DA2A005A5900 /* Request.swift in Sources */,
				79EC53C11FC4608500C6255D /* NetworkDataSourceProviding.swift in Sources */,
				79EC53D01FC48D1A00C6255D /* JSONCodableDataSourceProviding.swift in Sources */,
				79317FD71FC1CC8E005A5900 /* API.swift in Sources */,
				799261631FC6E2A600DB8F53 /* DateFormatter.swift in Sources */,
				7992617C1FC6F67400DB8F53 /* URLSessionProtocol.swift in Sources */,
				79317FD01FC1C60F005A5900 /* Movie.swift in Sources */,
				79EC53BB1FC45FFA00C6255D /* DataSourceProviding.swift in Sources */,
				79A9C6D91FC839B00087D74C /* APIClient.ParsingError.swift in Sources */,
				79EC53CB1FC466B500C6255D /* LocalCodableDataSourceProviding.swift in Sources */,
				79EC53B61FC4303400C6255D /* MovieSearchContainer+Resource.swift in Sources */,
				793FDEC11FC1EF0700EE461D /* Poster.swift in Sources */,
			);
			runOnlyForDeploymentPostprocessing = 0;
		};
		79317F341FC1BC88005A5900 /* Sources */ = {
			isa = PBXSourcesBuildPhase;
			buildActionMask = 2147483647;
			files = (
				79D85FDD1FC7203D006EB8C3 /* MovieTests.swift in Sources */,
				7992616B1FC6E91700DB8F53 /* MovieSearchRequestTests.swift in Sources */,
				7992616D1FC6EC3C00DB8F53 /* APIClientTests.swift in Sources */,
				799261721FC6EE0A00DB8F53 /* MockURLSession.swift in Sources */,
				799261761FC6F34D00DB8F53 /* MockURLSessionDataTask.swift in Sources */,
				79317F3E1FC1BC88005A5900 /* MovieDBCoreTests.swift in Sources */,
				7992615E1FC6E12800DB8F53 /* APITests.swift in Sources */,
				799261741FC6EF7100DB8F53 /* MovieSearchContainerTests.swift in Sources */,
				79D85FD51FC7191B006EB8C3 /* MockFileManager.swift in Sources */,
				79D85FD31FC7190B006EB8C3 /* FileManagerTests.swift in Sources */,
			);
			runOnlyForDeploymentPostprocessing = 0;
		};
/* End PBXSourcesBuildPhase section */

/* Begin PBXTargetDependency section */
		79317F3B1FC1BC88005A5900 /* PBXTargetDependency */ = {
			isa = PBXTargetDependency;
			target = 79317F2E1FC1BC88005A5900 /* MovieDBCore */;
			targetProxy = 79317F3A1FC1BC88005A5900 /* PBXContainerItemProxy */;
		};
/* End PBXTargetDependency section */

/* Begin XCBuildConfiguration section */
		79317F411FC1BC88005A5900 /* Debug */ = {
			isa = XCBuildConfiguration;
			baseConfigurationReference = 79317FB51FC1BF6A005A5900 /* Debug.xcconfig */;
			buildSettings = {
			};
			name = Debug;
		};
		79317F421FC1BC88005A5900 /* Release */ = {
			isa = XCBuildConfiguration;
			baseConfigurationReference = 79317FB61FC1BF6A005A5900 /* Release.xcconfig */;
			buildSettings = {
			};
			name = Release;
		};
		79317F441FC1BC88005A5900 /* Debug */ = {
			isa = XCBuildConfiguration;
			baseConfigurationReference = 79317FB71FC1BF6A005A5900 /* MovieDBCore.xcconfig */;
			buildSettings = {
			};
			name = Debug;
		};
		79317F451FC1BC88005A5900 /* Release */ = {
			isa = XCBuildConfiguration;
			baseConfigurationReference = 79317FB71FC1BF6A005A5900 /* MovieDBCore.xcconfig */;
			buildSettings = {
			};
			name = Release;
		};
		79317F471FC1BC88005A5900 /* Debug */ = {
			isa = XCBuildConfiguration;
			buildSettings = {
				ALWAYS_EMBED_SWIFT_STANDARD_LIBRARIES = YES;
				APPLICATION_EXTENSION_API_ONLY = NO;
				CODE_SIGN_STYLE = Automatic;
				DEVELOPMENT_TEAM = L67SAKHR8M;
				INFOPLIST_FILE = MovieDBCoreTests/Info.plist;
				LD_RUNPATH_SEARCH_PATHS = "$(inherited) @executable_path/Frameworks @loader_path/Frameworks";
				PRODUCT_BUNDLE_IDENTIFIER = com.richardnees.framework.MovieDBCoreTests;
				PRODUCT_NAME = "$(TARGET_NAME)";
				SWIFT_VERSION = 4.0;
				TARGETED_DEVICE_FAMILY = "1,2";
			};
			name = Debug;
		};
		79317F481FC1BC88005A5900 /* Release */ = {
			isa = XCBuildConfiguration;
			buildSettings = {
				ALWAYS_EMBED_SWIFT_STANDARD_LIBRARIES = YES;
				APPLICATION_EXTENSION_API_ONLY = NO;
				CODE_SIGN_STYLE = Automatic;
				DEVELOPMENT_TEAM = L67SAKHR8M;
				INFOPLIST_FILE = MovieDBCoreTests/Info.plist;
				LD_RUNPATH_SEARCH_PATHS = "$(inherited) @executable_path/Frameworks @loader_path/Frameworks";
				PRODUCT_BUNDLE_IDENTIFIER = com.richardnees.framework.MovieDBCoreTests;
				PRODUCT_NAME = "$(TARGET_NAME)";
				SWIFT_VERSION = 4.0;
				TARGETED_DEVICE_FAMILY = "1,2";
			};
			name = Release;
		};
/* End XCBuildConfiguration section */

/* Begin XCConfigurationList section */
		79317F291FC1BC88005A5900 /* Build configuration list for PBXProject "MovieDBCore" */ = {
			isa = XCConfigurationList;
			buildConfigurations = (
				79317F411FC1BC88005A5900 /* Debug */,
				79317F421FC1BC88005A5900 /* Release */,
			);
			defaultConfigurationIsVisible = 0;
			defaultConfigurationName = Release;
		};
		79317F431FC1BC88005A5900 /* Build configuration list for PBXNativeTarget "MovieDBCore" */ = {
			isa = XCConfigurationList;
			buildConfigurations = (
				79317F441FC1BC88005A5900 /* Debug */,
				79317F451FC1BC88005A5900 /* Release */,
			);
			defaultConfigurationIsVisible = 0;
			defaultConfigurationName = Release;
		};
		79317F461FC1BC88005A5900 /* Build configuration list for PBXNativeTarget "MovieDBCoreTests" */ = {
			isa = XCConfigurationList;
			buildConfigurations = (
				79317F471FC1BC88005A5900 /* Debug */,
				79317F481FC1BC88005A5900 /* Release */,
			);
			defaultConfigurationIsVisible = 0;
			defaultConfigurationName = Release;
		};
/* End XCConfigurationList section */
	};
	rootObject = 79317F261FC1BC88005A5900 /* Project object */;
}
